
Microsoft Visual Studio Solution File, Format Version 12.00
# Visual Studio Version 16
VisualStudioVersion = 16.0.31105.61
MinimumVisualStudioVersion = 10.0.40219.1
Project("{FAE04EC0-301F-11D3-BF4B-00C04F79EFBC}") = "CFUtils", "CFUtils\CFUtils.csproj", "{9611D2C7-8555-44D6-94C9-890993097AB7}"
EndProject
Global
	GlobalSection(SolutionConfigurationPlatforms) = preSolution
		Debug|Any CPU = Debug|Any CPU
		Release|Any CPU = Release|Any CPU
	EndGlobalSection
	GlobalSection(ProjectConfigurationPlatforms) = postSolution
		{9611D2C7-8555-44D6-94C9-890993097AB7}.Debug|Any CPU.ActiveCfg = Debug|Any CPU
		{9611D2C7-8555-44D6-94C9-890993097AB7}.Debug|Any CPU.Build.0 = Debug|Any CPU
		{9611D2C7-8555-44D6-94C9-890993097AB7}.Release|Any CPU.ActiveCfg = Release|Any CPU
		{9611D2C7-8555-44D6-94C9-890993097AB7}.Release|Any CPU.Build.0 = Release|Any CPU
	EndGlobalSection
	GlobalSection(SolutionProperties) = preSolution
		HideSolutionNode = FALSE
	EndGlobalSection
	GlobalSection(ExtensibilityGlobals) = postSolution
		SolutionGuid = {47C2A655-DAA5-42E0-B1BE-F03FFAA1CE70}
	EndGlobalSection
EndGlobal
